
Microsoft Visual Studio Solution File, Format Version 12.00
# Visual Studio Version 16
VisualStudioVersion = 16.0.29613.14
MinimumVisualStudioVersion = 10.0.40219.1
Project("{8BC9CEB8-8B4A-11D0-8D11-00A0C91BC942}") = "UrgentPurchases", "UrgentPurchases\UrgentPurchases.vcxproj", "{EA05D56C-2EA1-4B86-BFC3-ACC9B41E1F8A}"
EndProject
Project("{9A19103F-16F7-4668-BE54-9A1E7A4F7556}") = "LinkedCycle", "LinkedCycle\LinkedCycle.csproj", "{E560596E-4B3F-47E1-839E-7A5CDB3903AB}"
EndProject
Project("{8BC9CEB8-8B4A-11D0-8D11-00A0C91BC942}") = "SingleNumber", "SingleNumber\SingleNumber.vcxproj", "{5ED0D6E9-B390-4BB0-A6B1-82D04C537A57}"
EndProject
Project("{8BC9CEB8-8B4A-11D0-8D11-00A0C91BC942}") = "Utils", "Utils\Utils.vcxproj", "{5C663E42-F970-438A-AAF7-8CAC28781901}"
EndProject
Project("{8BC9CEB8-8B4A-11D0-8D11-00A0C91BC942}") = "LRUCache", "LRUCache\LRUCache.vcxproj", "{CB8DDAEB-B341-4195-847C-6FB89E5FE1D3}"
EndProject
Project("{9A19103F-16F7-4668-BE54-9A1E7A4F7556}") = "GroupByProperty", "GroupByProperty\GroupByProperty.csproj", "{B21C1728-8A9E-4BBA-8494-DA56D30B814E}"
EndProject
Project("{8BC9CEB8-8B4A-11D0-8D11-00A0C91BC942}") = "HashtagCount", "HashtagCount\HashtagCount.vcxproj", "{7B6D210D-F182-494B-A585-1D25B0AA7DFC}"
EndProject
Project("{2150E333-8FDC-42A3-9474-1A3956D46DE8}") = "CS", "CS", "{FDBC50BB-3B69-4277-ACF7-FA38221F9004}"
EndProject
Project("{2150E333-8FDC-42A3-9474-1A3956D46DE8}") = "CPP", "CPP", "{891329C8-3297-4DC4-86D4-AB156B7D3F8C}"
EndProject
Project("{8BC9CEB8-8B4A-11D0-8D11-00A0C91BC942}") = "TaskScheduler", "TaskScheduler\TaskScheduler.vcxproj", "{072CA561-A06D-42D8-8796-633FEB9E86CC}"
EndProject
Global
	GlobalSection(SolutionConfigurationPlatforms) = preSolution
		Debug|Any CPU = Debug|Any CPU
		Debug|x64 = Debug|x64
		Debug|x86 = Debug|x86
		Release|Any CPU = Release|Any CPU
		Release|x64 = Release|x64
		Release|x86 = Release|x86
	EndGlobalSection
	GlobalSection(ProjectConfigurationPlatforms) = postSolution
		{EA05D56C-2EA1-4B86-BFC3-ACC9B41E1F8A}.Debug|Any CPU.ActiveCfg = Debug|Win32
		{EA05D56C-2EA1-4B86-BFC3-ACC9B41E1F8A}.Debug|x64.ActiveCfg = Debug|x64
		{EA05D56C-2EA1-4B86-BFC3-ACC9B41E1F8A}.Debug|x64.Build.0 = Debug|x64
		{EA05D56C-2EA1-4B86-BFC3-ACC9B41E1F8A}.Debug|x86.ActiveCfg = Debug|Win32
		{EA05D56C-2EA1-4B86-BFC3-ACC9B41E1F8A}.Debug|x86.Build.0 = Debug|Win32
		{EA05D56C-2EA1-4B86-BFC3-ACC9B41E1F8A}.Release|Any CPU.ActiveCfg = Release|Win32
		{EA05D56C-2EA1-4B86-BFC3-ACC9B41E1F8A}.Release|x64.ActiveCfg = Release|x64
		{EA05D56C-2EA1-4B86-BFC3-ACC9B41E1F8A}.Release|x64.Build.0 = Release|x64
		{EA05D56C-2EA1-4B86-BFC3-ACC9B41E1F8A}.Release|x86.ActiveCfg = Release|Win32
		{EA05D56C-2EA1-4B86-BFC3-ACC9B41E1F8A}.Release|x86.Build.0 = Release|Win32
		{E560596E-4B3F-47E1-839E-7A5CDB3903AB}.Debug|Any CPU.ActiveCfg = Debug|Any CPU
		{E560596E-4B3F-47E1-839E-7A5CDB3903AB}.Debug|Any CPU.Build.0 = Debug|Any CPU
		{E560596E-4B3F-47E1-839E-7A5CDB3903AB}.Debug|x64.ActiveCfg = Debug|Any CPU
		{E560596E-4B3F-47E1-839E-7A5CDB3903AB}.Debug|x64.Build.0 = Debug|Any CPU
		{E560596E-4B3F-47E1-839E-7A5CDB3903AB}.Debug|x86.ActiveCfg = Debug|Any CPU
		{E560596E-4B3F-47E1-839E-7A5CDB3903AB}.Debug|x86.Build.0 = Debug|Any CPU
		{E560596E-4B3F-47E1-839E-7A5CDB3903AB}.Release|Any CPU.ActiveCfg = Release|Any CPU
		{E560596E-4B3F-47E1-839E-7A5CDB3903AB}.Release|Any CPU.Build.0 = Release|Any CPU
		{E560596E-4B3F-47E1-839E-7A5CDB3903AB}.Release|x64.ActiveCfg = Release|Any CPU
		{E560596E-4B3F-47E1-839E-7A5CDB3903AB}.Release|x64.Build.0 = Release|Any CPU
		{E560596E-4B3F-47E1-839E-7A5CDB3903AB}.Release|x86.ActiveCfg = Release|Any CPU
		{E560596E-4B3F-47E1-839E-7A5CDB3903AB}.Release|x86.Build.0 = Release|Any CPU
		{5ED0D6E9-B390-4BB0-A6B1-82D04C537A57}.Debug|Any CPU.ActiveCfg = Debug|Win32
		{5ED0D6E9-B390-4BB0-A6B1-82D04C537A57}.Debug|x64.ActiveCfg = Debug|x64
		{5ED0D6E9-B390-4BB0-A6B1-82D04C537A57}.Debug|x64.Build.0 = Debug|x64
		{5ED0D6E9-B390-4BB0-A6B1-82D04C537A57}.Debug|x86.ActiveCfg = Debug|Win32
		{5ED0D6E9-B390-4BB0-A6B1-82D04C537A57}.Debug|x86.Build.0 = Debug|Win32
		{5ED0D6E9-B390-4BB0-A6B1-82D04C537A57}.Release|Any CPU.ActiveCfg = Release|Win32
		{5ED0D6E9-B390-4BB0-A6B1-82D04C537A57}.Release|x64.ActiveCfg = Release|x64
		{5ED0D6E9-B390-4BB0-A6B1-82D04C537A57}.Release|x64.Build.0 = Release|x64
		{5ED0D6E9-B390-4BB0-A6B1-82D04C537A57}.Release|x86.ActiveCfg = Release|Win32
		{5ED0D6E9-B390-4BB0-A6B1-82D04C537A57}.Release|x86.Build.0 = Release|Win32
		{5C663E42-F970-438A-AAF7-8CAC28781901}.Debug|Any CPU.ActiveCfg = Debug|Win32
		{5C663E42-F970-438A-AAF7-8CAC28781901}.Debug|x64.ActiveCfg = Debug|x64
		{5C663E42-F970-438A-AAF7-8CAC28781901}.Debug|x64.Build.0 = Debug|x64
		{5C663E42-F970-438A-AAF7-8CAC28781901}.Debug|x86.ActiveCfg = Debug|Win32
		{5C663E42-F970-438A-AAF7-8CAC28781901}.Debug|x86.Build.0 = Debug|Win32
		{5C663E42-F970-438A-AAF7-8CAC28781901}.Release|Any CPU.ActiveCfg = Release|Win32
		{5C663E42-F970-438A-AAF7-8CAC28781901}.Release|x64.ActiveCfg = Release|x64
		{5C663E42-F970-438A-AAF7-8CAC28781901}.Release|x64.Build.0 = Release|x64
		{5C663E42-F970-438A-AAF7-8CAC28781901}.Release|x86.ActiveCfg = Release|Win32
		{5C663E42-F970-438A-AAF7-8CAC28781901}.Release|x86.Build.0 = Release|Win32
		{CB8DDAEB-B341-4195-847C-6FB89E5FE1D3}.Debug|Any CPU.ActiveCfg = Debug|Win32
		{CB8DDAEB-B341-4195-847C-6FB89E5FE1D3}.Debug|x64.ActiveCfg = Debug|x64
		{CB8DDAEB-B341-4195-847C-6FB89E5FE1D3}.Debug|x64.Build.0 = Debug|x64
		{CB8DDAEB-B341-4195-847C-6FB89E5FE1D3}.Debug|x86.ActiveCfg = Debug|Win32
		{CB8DDAEB-B341-4195-847C-6FB89E5FE1D3}.Debug|x86.Build.0 = Debug|Win32
		{CB8DDAEB-B341-4195-847C-6FB89E5FE1D3}.Release|Any CPU.ActiveCfg = Release|Win32
		{CB8DDAEB-B341-4195-847C-6FB89E5FE1D3}.Release|x64.ActiveCfg = Release|x64
		{CB8DDAEB-B341-4195-847C-6FB89E5FE1D3}.Release|x64.Build.0 = Release|x64
		{CB8DDAEB-B341-4195-847C-6FB89E5FE1D3}.Release|x86.ActiveCfg = Release|Win32
		{CB8DDAEB-B341-4195-847C-6FB89E5FE1D3}.Release|x86.Build.0 = Release|Win32
		{B21C1728-8A9E-4BBA-8494-DA56D30B814E}.Debug|Any CPU.ActiveCfg = Debug|Any CPU
		{B21C1728-8A9E-4BBA-8494-DA56D30B814E}.Debug|Any CPU.Build.0 = Debug|Any CPU
		{B21C1728-8A9E-4BBA-8494-DA56D30B814E}.Debug|x64.ActiveCfg = Debug|Any CPU
		{B21C1728-8A9E-4BBA-8494-DA56D30B814E}.Debug|x64.Build.0 = Debug|Any CPU
		{B21C1728-8A9E-4BBA-8494-DA56D30B814E}.Debug|x86.ActiveCfg = Debug|Any CPU
		{B21C1728-8A9E-4BBA-8494-DA56D30B814E}.Debug|x86.Build.0 = Debug|Any CPU
		{B21C1728-8A9E-4BBA-8494-DA56D30B814E}.Release|Any CPU.ActiveCfg = Release|Any CPU
		{B21C1728-8A9E-4BBA-8494-DA56D30B814E}.Release|Any CPU.Build.0 = Release|Any CPU
		{B21C1728-8A9E-4BBA-8494-DA56D30B814E}.Release|x64.ActiveCfg = Release|Any CPU
		{B21C1728-8A9E-4BBA-8494-DA56D30B814E}.Release|x64.Build.0 = Release|Any CPU
		{B21C1728-8A9E-4BBA-8494-DA56D30B814E}.Release|x86.ActiveCfg = Release|Any CPU
		{B21C1728-8A9E-4BBA-8494-DA56D30B814E}.Release|x86.Build.0 = Release|Any CPU
		{7B6D210D-F182-494B-A585-1D25B0AA7DFC}.Debug|Any CPU.ActiveCfg = Debug|Win32
		{7B6D210D-F182-494B-A585-1D25B0AA7DFC}.Debug|x64.ActiveCfg = Debug|x64
		{7B6D210D-F182-494B-A585-1D25B0AA7DFC}.Debug|x64.Build.0 = Debug|x64
		{7B6D210D-F182-494B-A585-1D25B0AA7DFC}.Debug|x86.ActiveCfg = Debug|Win32
		{7B6D210D-F182-494B-A585-1D25B0AA7DFC}.Debug|x86.Build.0 = Debug|Win32
		{7B6D210D-F182-494B-A585-1D25B0AA7DFC}.Release|Any CPU.ActiveCfg = Release|Win32
		{7B6D210D-F182-494B-A585-1D25B0AA7DFC}.Release|x64.ActiveCfg = Release|x64
		{7B6D210D-F182-494B-A585-1D25B0AA7DFC}.Release|x64.Build.0 = Release|x64
		{7B6D210D-F182-494B-A585-1D25B0AA7DFC}.Release|x86.ActiveCfg = Release|Win32
		{7B6D210D-F182-494B-A585-1D25B0AA7DFC}.Release|x86.Build.0 = Release|Win32
		{072CA561-A06D-42D8-8796-633FEB9E86CC}.Debug|Any CPU.ActiveCfg = Debug|Win32
		{072CA561-A06D-42D8-8796-633FEB9E86CC}.Debug|x64.ActiveCfg = Debug|x64
		{072CA561-A06D-42D8-8796-633FEB9E86CC}.Debug|x64.Build.0 = Debug|x64
		{072CA561-A06D-42D8-8796-633FEB9E86CC}.Debug|x86.ActiveCfg = Debug|Win32
		{072CA561-A06D-42D8-8796-633FEB9E86CC}.Debug|x86.Build.0 = Debug|Win32
		{072CA561-A06D-42D8-8796-633FEB9E86CC}.Release|Any CPU.ActiveCfg = Release|Win32
		{072CA561-A06D-42D8-8796-633FEB9E86CC}.Release|x64.ActiveCfg = Release|x64
		{072CA561-A06D-42D8-8796-633FEB9E86CC}.Release|x64.Build.0 = Release|x64
		{072CA561-A06D-42D8-8796-633FEB9E86CC}.Release|x86.ActiveCfg = Release|Win32
		{072CA561-A06D-42D8-8796-633FEB9E86CC}.Release|x86.Build.0 = Release|Win32
	EndGlobalSection
	GlobalSection(SolutionProperties) = preSolution
		HideSolutionNode = FALSE
	EndGlobalSection
	GlobalSection(NestedProjects) = preSolution
		{EA05D56C-2EA1-4B86-BFC3-ACC9B41E1F8A} = {891329C8-3297-4DC4-86D4-AB156B7D3F8C}
		{E560596E-4B3F-47E1-839E-7A5CDB3903AB} = {FDBC50BB-3B69-4277-ACF7-FA38221F9004}
		{5ED0D6E9-B390-4BB0-A6B1-82D04C537A57} = {891329C8-3297-4DC4-86D4-AB156B7D3F8C}
		{5C663E42-F970-438A-AAF7-8CAC28781901} = {891329C8-3297-4DC4-86D4-AB156B7D3F8C}
		{CB8DDAEB-B341-4195-847C-6FB89E5FE1D3} = {891329C8-3297-4DC4-86D4-AB156B7D3F8C}
		{B21C1728-8A9E-4BBA-8494-DA56D30B814E} = {FDBC50BB-3B69-4277-ACF7-FA38221F9004}
		{7B6D210D-F182-494B-A585-1D25B0AA7DFC} = {891329C8-3297-4DC4-86D4-AB156B7D3F8C}
		{072CA561-A06D-42D8-8796-633FEB9E86CC} = {891329C8-3297-4DC4-86D4-AB156B7D3F8C}
	EndGlobalSection
	GlobalSection(ExtensibilityGlobals) = postSolution
		SolutionGuid = {0E89D5F8-E307-444C-B5AA-26DB479EB5FC}
	EndGlobalSection
EndGlobal
